
Microsoft Visual Studio Solution File, Format Version 12.00
# Visual Studio 15
VisualStudioVersion = 15.0.28307.572
MinimumVisualStudioVersion = 10.0.40219.1
Project("{FAE04EC0-301F-11D3-BF4B-00C04F79EFBC}") = "INote.API", "INote.API\INote.API.csproj", "{BB533C0E-69E0-49A7-BE13-23E1EE5B8FA2}"
EndProject
Project("{FAE04EC0-301F-11D3-BF4B-00C04F79EFBC}") = "INote.UI", "INote.UI\INote.UI.csproj", "{00F14AAF-5EAE-4C78-A5B3-65E3283AD636}"
EndProject
Global
	GlobalSection(SolutionConfigurationPlatforms) = preSolution
		Debug|Any CPU = Debug|Any CPU
		Release|Any CPU = Release|Any CPU
	EndGlobalSection
	GlobalSection(ProjectConfigurationPlatforms) = postSolution
		{BB533C0E-69E0-49A7-BE13-23E1EE5B8FA2}.Debug|Any CPU.ActiveCfg = Debug|Any CPU
		{BB533C0E-69E0-49A7-BE13-23E1EE5B8FA2}.Debug|Any CPU.Build.0 = Debug|Any CPU
		{BB533C0E-69E0-49A7-BE13-23E1EE5B8FA2}.Release|Any CPU.ActiveCfg = Release|Any CPU
		{BB533C0E-69E0-49A7-BE13-23E1EE5B8FA2}.Release|Any CPU.Build.0 = Release|Any CPU
		{00F14AAF-5EAE-4C78-A5B3-65E3283AD636}.Debug|Any CPU.ActiveCfg = Debug|Any CPU
		{00F14AAF-5EAE-4C78-A5B3-65E3283AD636}.Debug|Any CPU.Build.0 = Debug|Any CPU
		{00F14AAF-5EAE-4C78-A5B3-65E3283AD636}.Release|Any CPU.ActiveCfg = Release|Any CPU
		{00F14AAF-5EAE-4C78-A5B3-65E3283AD636}.Release|Any CPU.Build.0 = Release|Any CPU
	EndGlobalSection
	GlobalSection(SolutionProperties) = preSolution
		HideSolutionNode = FALSE
	EndGlobalSection
	GlobalSection(ExtensibilityGlobals) = postSolution
		SolutionGuid = {87A8CD6F-AAAF-4AB1-A6AB-809AE3B3179E}
	EndGlobalSection
EndGlobal
